
Microsoft Visual Studio Solution File, Format Version 12.00
# Visual Studio Version 17
VisualStudioVersion = 17.7.34221.43
MinimumVisualStudioVersion = 10.0.40219.1
Project("{9A19103F-16F7-4668-BE54-9A1E7A4F7556}") = "MedicinaWeb", "MedicinaWeb.csproj", "{DD6AD6B0-A376-4177-B96B-4767F443F1EC}"
EndProject
Global
	GlobalSection(SolutionConfigurationPlatforms) = preSolution
		Debug|Any CPU = Debug|Any CPU
		Release|Any CPU = Release|Any CPU
	EndGlobalSection
	GlobalSection(ProjectConfigurationPlatforms) = postSolution
		{DD6AD6B0-A376-4177-B96B-4767F443F1EC}.Debug|Any CPU.ActiveCfg = Debug|Any CPU
		{DD6AD6B0-A376-4177-B96B-4767F443F1EC}.Debug|Any CPU.Build.0 = Debug|Any CPU
		{DD6AD6B0-A376-4177-B96B-4767F443F1EC}.Release|Any CPU.ActiveCfg = Release|Any CPU
		{DD6AD6B0-A376-4177-B96B-4767F443F1EC}.Release|Any CPU.Build.0 = Release|Any CPU
	EndGlobalSection
	GlobalSection(SolutionProperties) = preSolution
		HideSolutionNode = FALSE
	EndGlobalSection
	GlobalSection(ExtensibilityGlobals) = postSolution
		SolutionGuid = {0650AA61-765E-4D8D-B901-7258B4BE9702}
	EndGlobalSection
EndGlobal
